Microsoft Visual Studio Solution File, Format Version 9.00
# Visual C++ Express 2005
Project("{8BC9CEB8-8B4A-11D0-8D11-00A0C91BC942}") = "game", "game\game.vcproj", "{6A237A25-89E2-4E94-B822-144856C418A4}"
	ProjectSection(ProjectDependencies) = postProject
		{AEB85C9E-9E4F-4333-93DE-21F4BBD22FD0} = {AEB85C9E-9E4F-4333-93DE-21F4BBD22FD0}
	EndProjectSection
EndProject
Project("{8BC9CEB8-8B4A-11D0-8D11-00A0C91BC942}") = "lib3ds_dll", "..\lib3ds-1.2.0\msvc\lib3ds_dll.vcproj", "{AEB85C9E-9E4F-4333-93DE-21F4BBD22FD0}"
EndProject
Project("{8BC9CEB8-8B4A-11D0-8D11-00A0C91BC942}") = "blobs", "blobs\blobs.vcproj", "{B87C2783-50A8-464B-9CD2-A958FFA55993}"
EndProject
Global
	GlobalSection(SolutionConfigurationPlatforms) = preSolution
		Debug|Win32 = Debug|Win32
		Release|Win32 = Release|Win32
	EndGlobalSection
	GlobalSection(ProjectConfigurationPlatforms) = postSolution
		{6A237A25-89E2-4E94-B822-144856C418A4}.Debug|Win32.ActiveCfg = Debug|Win32
		{6A237A25-89E2-4E94-B822-144856C418A4}.Debug|Win32.Build.0 = Debug|Win32
		{6A237A25-89E2-4E94-B822-144856C418A4}.Release|Win32.ActiveCfg = Release|Win32
		{6A237A25-89E2-4E94-B822-144856C418A4}.Release|Win32.Build.0 = Release|Win32
		{AEB85C9E-9E4F-4333-93DE-21F4BBD22FD0}.Debug|Win32.ActiveCfg = Debug|Win32
		{AEB85C9E-9E4F-4333-93DE-21F4BBD22FD0}.Debug|Win32.Build.0 = Debug|Win32
		{AEB85C9E-9E4F-4333-93DE-21F4BBD22FD0}.Release|Win32.ActiveCfg = Release|Win32
		{AEB85C9E-9E4F-4333-93DE-21F4BBD22FD0}.Release|Win32.Build.0 = Release|Win32
		{B87C2783-50A8-464B-9CD2-A958FFA55993}.Debug|Win32.ActiveCfg = Debug|Win32
		{B87C2783-50A8-464B-9CD2-A958FFA55993}.Debug|Win32.Build.0 = Debug|Win32
		{B87C2783-50A8-464B-9CD2-A958FFA55993}.Release|Win32.ActiveCfg = Release|Win32
		{B87C2783-50A8-464B-9CD2-A958FFA55993}.Release|Win32.Build.0 = Release|Win32
	EndGlobalSection
	GlobalSection(SolutionProperties) = preSolution
		HideSolutionNode = FALSE
	EndGlobalSection
EndGlobal
